
Microsoft Visual Studio Solution File, Format Version 11.00
# Visual Studio 2010
Project("{F184B08F-C81C-45F6-A57F-5ABD9991F28F}") = "GestionnaireRapport", "GestionnaireRapport\GestionnaireRapport.vbproj", "{D81B3C9D-D051-40EF-97B5-756DF40DA2B1}"
EndProject
Global
	GlobalSection(SolutionConfigurationPlatforms) = preSolution
		Debug|Any CPU = Debug|Any CPU
		Release|Any CPU = Release|Any CPU
	EndGlobalSection
	GlobalSection(ProjectConfigurationPlatforms) = postSolution
		{D81B3C9D-D051-40EF-97B5-756DF40DA2B1}.Debug|Any CPU.ActiveCfg = Debug|Any CPU
		{D81B3C9D-D051-40EF-97B5-756DF40DA2B1}.Debug|Any CPU.Build.0 = Debug|Any CPU
		{D81B3C9D-D051-40EF-97B5-756DF40DA2B1}.Release|Any CPU.ActiveCfg = Release|Any CPU
		{D81B3C9D-D051-40EF-97B5-756DF40DA2B1}.Release|Any CPU.Build.0 = Release|Any CPU
	EndGlobalSection
	GlobalSection(SolutionProperties) = preSolution
		HideSolutionNode = FALSE
	EndGlobalSection
EndGlobal
